
Microsoft Visual Studio Solution File, Format Version 12.00
# Visual Studio Version 17
VisualStudioVersion = 17.11.35312.102
MinimumVisualStudioVersion = 10.0.40219.1
Project("{FAE04EC0-301F-11D3-BF4B-00C04F79EFBC}") = "AmanShume", "AmanShume\AmanShume.csproj", "{50A0C05B-2407-4ADE-B7CB-3087FC46FF0E}"
EndProject
Global
	GlobalSection(SolutionConfigurationPlatforms) = preSolution
		Debug|Any CPU = Debug|Any CPU
		Release|Any CPU = Release|Any CPU
	EndGlobalSection
	GlobalSection(ProjectConfigurationPlatforms) = postSolution
		{50A0C05B-2407-4ADE-B7CB-3087FC46FF0E}.Debug|Any CPU.ActiveCfg = Debug|Any CPU
		{50A0C05B-2407-4ADE-B7CB-3087FC46FF0E}.Debug|Any CPU.Build.0 = Debug|Any CPU
		{50A0C05B-2407-4ADE-B7CB-3087FC46FF0E}.Release|Any CPU.ActiveCfg = Release|Any CPU
		{50A0C05B-2407-4ADE-B7CB-3087FC46FF0E}.Release|Any CPU.Build.0 = Release|Any CPU
	EndGlobalSection
	GlobalSection(SolutionProperties) = preSolution
		HideSolutionNode = FALSE
	EndGlobalSection
	GlobalSection(ExtensibilityGlobals) = postSolution
		SolutionGuid = {E90C5132-6E43-46A6-B1A4-9C794773B65B}
	EndGlobalSection
EndGlobal
